
Microsoft Visual Studio Solution File, Format Version 12.00
# Visual Studio Version 17
VisualStudioVersion = 17.11.35312.102
MinimumVisualStudioVersion = 10.0.40219.1
Project("{8BC9CEB8-8B4A-11D0-8D11-00A0C91BC942}") = "Console", "Console\Console.vcxproj", "{3BACA3E1-CDF0-4135-9185-EFC93478D67B}"
EndProject
Project("{8BC9CEB8-8B4A-11D0-8D11-00A0C91BC942}") = "PhysicsEngine", "PhysicsEngine\PhysicsEngine.vcxproj", "{AAAAEC27-FFE3-4834-A78C-301037022B2C}"
EndProject
Project("{8BC9CEB8-8B4A-11D0-8D11-00A0C91BC942}") = "Client", "Client\Client.vcxproj", "{77FE4FAB-91F6-4528-94B7-8FF1DE000AC9}"
EndProject
Global
	GlobalSection(SolutionConfigurationPlatforms) = preSolution
		Debug|x64 = Debug|x64
		Debug|x86 = Debug|x86
		Release|x64 = Release|x64
		Release|x86 = Release|x86
	EndGlobalSection
	GlobalSection(ProjectConfigurationPlatforms) = postSolution
		{3BACA3E1-CDF0-4135-9185-EFC93478D67B}.Debug|x64.ActiveCfg = Debug|x64
		{3BACA3E1-CDF0-4135-9185-EFC93478D67B}.Debug|x64.Build.0 = Debug|x64
		{3BACA3E1-CDF0-4135-9185-EFC93478D67B}.Debug|x86.ActiveCfg = Debug|Win32
		{3BACA3E1-CDF0-4135-9185-EFC93478D67B}.Debug|x86.Build.0 = Debug|Win32
		{3BACA3E1-CDF0-4135-9185-EFC93478D67B}.Release|x64.ActiveCfg = Release|x64
		{3BACA3E1-CDF0-4135-9185-EFC93478D67B}.Release|x64.Build.0 = Release|x64
		{3BACA3E1-CDF0-4135-9185-EFC93478D67B}.Release|x86.ActiveCfg = Release|Win32
		{3BACA3E1-CDF0-4135-9185-EFC93478D67B}.Release|x86.Build.0 = Release|Win32
		{AAAAEC27-FFE3-4834-A78C-301037022B2C}.Debug|x64.ActiveCfg = Debug|x64
		{AAAAEC27-FFE3-4834-A78C-301037022B2C}.Debug|x64.Build.0 = Debug|x64
		{AAAAEC27-FFE3-4834-A78C-301037022B2C}.Debug|x86.ActiveCfg = Debug|Win32
		{AAAAEC27-FFE3-4834-A78C-301037022B2C}.Debug|x86.Build.0 = Debug|Win32
		{AAAAEC27-FFE3-4834-A78C-301037022B2C}.Release|x64.ActiveCfg = Release|x64
		{AAAAEC27-FFE3-4834-A78C-301037022B2C}.Release|x64.Build.0 = Release|x64
		{AAAAEC27-FFE3-4834-A78C-301037022B2C}.Release|x86.ActiveCfg = Release|Win32
		{AAAAEC27-FFE3-4834-A78C-301037022B2C}.Release|x86.Build.0 = Release|Win32
		{77FE4FAB-91F6-4528-94B7-8FF1DE000AC9}.Debug|x64.ActiveCfg = Debug|x64
		{77FE4FAB-91F6-4528-94B7-8FF1DE000AC9}.Debug|x64.Build.0 = Debug|x64
		{77FE4FAB-91F6-4528-94B7-8FF1DE000AC9}.Debug|x86.ActiveCfg = Debug|Win32
		{77FE4FAB-91F6-4528-94B7-8FF1DE000AC9}.Debug|x86.Build.0 = Debug|Win32
		{77FE4FAB-91F6-4528-94B7-8FF1DE000AC9}.Release|x64.ActiveCfg = Release|x64
		{77FE4FAB-91F6-4528-94B7-8FF1DE000AC9}.Release|x64.Build.0 = Release|x64
		{77FE4FAB-91F6-4528-94B7-8FF1DE000AC9}.Release|x86.ActiveCfg = Release|Win32
		{77FE4FAB-91F6-4528-94B7-8FF1DE000AC9}.Release|x86.Build.0 = Release|Win32
	EndGlobalSection
	GlobalSection(SolutionProperties) = preSolution
		HideSolutionNode = FALSE
	EndGlobalSection
	GlobalSection(ExtensibilityGlobals) = postSolution
		SolutionGuid = {91909280-6E96-4D52-8AFC-0AE905FEB4F0}
	EndGlobalSection
EndGlobal
